// !$*UTF8*$!
{
	archiveVersion = 1;
	classes = {
	};
	objectVersion = 46;
	objects = {

/* Begin PBXBuildFile section */
		295C57DA1ED41CAC00A2AB5D /* AppDelegate.swift in Sources */ = {isa = PBXBuildFile; fileRef = 295C57D91ED41CAC00A2AB5D /* AppDelegate.swift */; };
		295C57DC1ED41CAC00A2AB5D /* ViewController.swift in Sources */ = {isa = PBXBuildFile; fileRef = 295C57DB1ED41CAC00A2AB5D /* ViewController.swift */; };
		295C57DF1ED41CAC00A2AB5D /* Main.storyboard in Resources */ = {isa = PBXBuildFile; fileRef = 295C57DD1ED41CAC00A2AB5D /* Main.storyboard */; };
		295C57E11ED41CAC00A2AB5D /* Assets.xcassets in Resources */ = {isa = PBXBuildFile; fileRef = 295C57E01ED41CAC00A2AB5D /* Assets.xcassets */; };
		295C57E41ED41CAC00A2AB5D /* LaunchScreen.storyboard in Resources */ = {isa = PBXBuildFile; fileRef = 295C57E21ED41CAC00A2AB5D /* LaunchScreen.storyboard */; };
		295C57EF1ED41CAC00A2AB5D /* SeparateStoryboardTests.swift in Sources */ = {isa = PBXBuildFile; fileRef = 295C57EE1ED41CAC00A2AB5D /* SeparateStoryboardTests.swift */; };
		295C57FA1ED41CD300A2AB5D /* First.storyboard in Resources */ = {isa = PBXBuildFile; fileRef = 295C57F91ED41CD300A2AB5D /* First.storyboard */; };
		295C57FC1ED41D0C00A2AB5D /* Second.storyboard in Resources */ = {isa = PBXBuildFile; fileRef = 295C57FB1ED41D0C00A2AB5D /* Second.storyboard */; };
/* End PBXBuildFile section */

/* Begin PBXContainerItemProxy section */
		295C57EB1ED41CAC00A2AB5D /* PBXContainerItemProxy */ = {
			isa = PBXContainerItemProxy;
			containerPortal = 295C57CE1ED41CAC00A2AB5D /* Project object */;
			proxyType = 1;
			remoteGlobalIDString = 295C57D51ED41CAC00A2AB5D;
			remoteInfo = SeparateStoryboard;
		};
/* End PBXContainerItemProxy section */

/* Begin PBXFileReference section */
		295C57D61ED41CAC00A2AB5D /* SeparateStoryboard.app */ = {isa = PBXFileReference; explicitFileType = wrapper.application; includeInIndex = 0; path = SeparateStoryboard.app; sourceTree = BUILT_PRODUCTS_DIR; };
		295C57D91ED41CAC00A2AB5D /* AppDelegate.swift */ = {isa = PBXFileReference; lastKnownFileType = sourcecode.swift; path = AppDelegate.swift; sourceTree = "<group>"; };
		295C57DB1ED41CAC00A2AB5D /* ViewController.swift */ = {isa = PBXFileReference; lastKnownFileType = sourcecode.swift; path = ViewController.swift; sourceTree = "<group>"; };
		295C57DE1ED41CAC00A2AB5D /* Base */ = {isa = PBXFileReference; lastKnownFileType = file.storyboard; name = Base; path = Base.lproj/Main.storyboard; sourceTree = "<group>"; };
		295C57E01ED41CAC00A2AB5D /* Assets.xcassets */ = {isa = PBXFileReference; lastKnownFileType = folder.assetcatalog; path = Assets.xcassets; sourceTree = "<group>"; };
		295C57E31ED41CAC00A2AB5D /* Base */ = {isa = PBXFileReference; lastKnownFileType = file.storyboard; name = Base; path = Base.lproj/LaunchScreen.storyboard; sourceTree = "<group>"; };
		295C57E51ED41CAC00A2AB5D /* Info.plist */ = {isa = PBXFileReference; lastKnownFileType = text.plist.xml; path = Info.plist; sourceTree = "<group>"; };
		295C57EA1ED41CAC00A2AB5D /* SeparateStoryboardTests.xctest */ = {isa = PBXFileReference; explicitFileType = wrapper.cfbundle; includeInIndex = 0; path = SeparateStoryboardTests.xctest; sourceTree = BUILT_PRODUCTS_DIR; };
		295C57EE1ED41CAC00A2AB5D /* SeparateStoryboardTests.swift */ = {isa = PBXFileReference; lastKnownFileType = sourcecode.swift; path = SeparateStoryboardTests.swift; sourceTree = "<group>"; };
		295C57F01ED41CAC00A2AB5D /* Info.plist */ = {isa = PBXFileReference; lastKnownFileType = text.plist.xml; path = Info.plist; sourceTree = "<group>"; };
		295C57F91ED41CD300A2AB5D /* First.storyboard */ = {isa = PBXFileReference; fileEncoding = 4; lastKnownFileType = file.storyboard; path = First.storyboard; sourceTree = "<group>"; };
		295C57FB1ED41D0C00A2AB5D /* Second.storyboard */ = {isa = PBXFileReference; fileEncoding = 4; lastKnownFileType = file.storyboard; path = Second.storyboard; sourceTree = "<group>"; };
/* End PBXFileReference section */

/* Begin PBXFrameworksBuildPhase section */
		295C57D31ED41CAC00A2AB5D /* Frameworks */ = {
			isa = PBXFrameworksBuildPhase;
			buildActionMask = 2147483647;
			files = (
			);
			runOnlyForDeploymentPostprocessing = 0;
		};
		295C57E71ED41CAC00A2AB5D /* Frameworks */ = {
			isa = PBXFrameworksBuildPhase;
			buildActionMask = 2147483647;
			files = (
			);
			runOnlyForDeploymentPostprocessing = 0;
		};
/* End PBXFrameworksBuildPhase section */

/* Begin PBXGroup section */
		295C57CD1ED41CAC00A2AB5D = {
			isa = PBXGroup;
			children = (
				295C57D81ED41CAC00A2AB5D /* SeparateStoryboard */,
				295C57ED1ED41CAC00A2AB5D /* SeparateStoryboardTests */,
				295C57D71ED41CAC00A2AB5D /* Products */,
			);
			sourceTree = "<group>";
		};
		295C57D71ED41CAC00A2AB5D /* Products */ = {
			isa = PBXGroup;
			children = (
				295C57D61ED41CAC00A2AB5D /* SeparateStoryboard.app */,
				295C57EA1ED41CAC00A2AB5D /* SeparateStoryboardTests.xctest */,
			);
			name = Products;
			sourceTree = "<group>";
		};
		295C57D81ED41CAC00A2AB5D /* SeparateStoryboard */ = {
			isa = PBXGroup;
			children = (
				295C57D91ED41CAC00A2AB5D /* AppDelegate.swift */,
				295C57DB1ED41CAC00A2AB5D /* ViewController.swift */,
				295C57DD1ED41CAC00A2AB5D /* Main.storyboard */,
				295C57FB1ED41D0C00A2AB5D /* Second.storyboard */,
				295C57F91ED41CD300A2AB5D /* First.storyboard */,
				295C57E01ED41CAC00A2AB5D /* Assets.xcassets */,
				295C57E21ED41CAC00A2AB5D /* LaunchScreen.storyboard */,
				295C57E51ED41CAC00A2AB5D /* Info.plist */,
			);
			path = SeparateStoryboard;
			sourceTree = "<group>";
		};
		295C57ED1ED41CAC00A2AB5D /* SeparateStoryboardTests */ = {
			isa = PBXGroup;
			children = (
				295C57EE1ED41CAC00A2AB5D /* SeparateStoryboardTests.swift */,
				295C57F01ED41CAC00A2AB5D /* Info.plist */,
			);
			path = SeparateStoryboardTests;
			sourceTree = "<group>";
		};
/* End PBXGroup section */

/* Begin PBXNativeTarget section */
		295C57D51ED41CAC00A2AB5D /* SeparateStoryboard */ = {
			isa = PBXNativeTarget;
			buildConfigurationList = 295C57F31ED41CAC00A2AB5D /* Build configuration list for PBXNativeTarget "SeparateStoryboard" */;
			buildPhases = (
				295C57D21ED41CAC00A2AB5D /* Sources */,
				295C57D31ED41CAC00A2AB5D /* Frameworks */,
				295C57D41ED41CAC00A2AB5D /* Resources */,
			);
			buildRules = (
			);
			dependencies = (
			);
			name = SeparateStoryboard;
			productName = SeparateStoryboard;
			productReference = 295C57D61ED41CAC00A2AB5D /* SeparateStoryboard.app */;
			productType = "com.apple.product-type.application";
		};
		295C57E91ED41CAC00A2AB5D /* SeparateStoryboardTests */ = {
			isa = PBXNativeTarget;
			buildConfigurationList = 295C57F61ED41CAC00A2AB5D /* Build configuration list for PBXNativeTarget "SeparateStoryboardTests" */;
			buildPhases = (
				295C57E61ED41CAC00A2AB5D /* Sources */,
				295C57E71ED41CAC00A2AB5D /* Frameworks */,
				295C57E81ED41CAC00A2AB5D /* Resources */,
			);
			buildRules = (
			);
			dependencies = (
				295C57EC1ED41CAC00A2AB5D /* PBXTargetDependency */,
			);
			name = SeparateStoryboardTests;
			productName = SeparateStoryboardTests;
			productReference = 295C57EA1ED41CAC00A2AB5D /* SeparateStoryboardTests.xctest */;
			productType = "com.apple.product-type.bundle.unit-test";
		};
/* End PBXNativeTarget section */

/* Begin PBXProject section */
		295C57CE1ED41CAC00A2AB5D /* Project object */ = {
			isa = PBXProject;
			attributes = {
				LastSwiftUpdateCheck = 0830;
				LastUpgradeCheck = 0830;
				ORGANIZATIONNAME = OHSEUNGWOOK;
				TargetAttributes = {
					295C57D51ED41CAC00A2AB5D = {
						CreatedOnToolsVersion = 8.3.1;
						ProvisioningStyle = Automatic;
					};
					295C57E91ED41CAC00A2AB5D = {
						CreatedOnToolsVersion = 8.3.1;
						ProvisioningStyle = Automatic;
						TestTargetID = 295C57D51ED41CAC00A2AB5D;
					};
				};
			};
			buildConfigurationList = 295C57D11ED41CAC00A2AB5D /* Build configuration list for PBXProject "SeparateStoryboard" */;
			compatibilityVersion = "Xcode 3.2";
			developmentRegion = English;
			hasScannedForEncodings = 0;
			knownRegions = (
				en,
				Base,
			);
			mainGroup = 295C57CD1ED41CAC00A2AB5D;
			productRefGroup = 295C57D71ED41CAC00A2AB5D /* Products */;
			projectDirPath = "";
			projectRoot = "";
			targets = (
				295C57D51ED41CAC00A2AB5D /* SeparateStoryboard */,
				295C57E91ED41CAC00A2AB5D /* SeparateStoryboardTests */,
			);
		};
/* End PBXProject section */

/* Begin PBXResourcesBuildPhase section */
		295C57D41ED41CAC00A2AB5D /* Resources */ = {
			isa = PBXResourcesBuildPhase;
			buildActionMask = 2147483647;
			files = (
				295C57E41ED41CAC00A2AB5D /* LaunchScreen.storyboard in Resources */,
				295C57E11ED41CAC00A2AB5D /* Assets.xcassets in Resources */,
				295C57DF1ED41CAC00A2AB5D /* Main.storyboard in Resources */,
				295C57FC1ED41D0C00A2AB5D /* Second.storyboard in Resources */,
				295C57FA1ED41CD300A2AB5D /* First.storyboard in Resources */,
			);
			runOnlyForDeploymentPostprocessing = 0;
		};
		295C57E81ED41CAC00A2AB5D /* Resources */ = {
			isa = PBXResourcesBuildPhase;
			buildActionMask = 2147483647;
			files = (
			);
			runOnlyForDeploymentPostprocessing = 0;
		};
/* End PBXResourcesBuildPhase section */

/* Begin PBXSourcesBuildPhase section */
		295C57D21ED41CAC00A2AB5D /* Sources */ = {
			isa = PBXSourcesBuildPhase;
			buildActionMask = 2147483647;
			files = (
				295C57DC1ED41CAC00A2AB5D /* ViewController.swift in Sources */,
				295C57DA1ED41CAC00A2AB5D /* AppDelegate.swift in Sources */,
			);
			runOnlyForDeploymentPostprocessing = 0;
		};
		295C57E61ED41CAC00A2AB5D /* Sources */ = {
			isa = PBXSourcesBuildPhase;
			buildActionMask = 2147483647;
			files = (
				295C57EF1ED41CAC00A2AB5D /* SeparateStoryboardTests.swift in Sources */,
			);
			runOnlyForDeploymentPostprocessing = 0;
		};
/* End PBXSourcesBuildPhase section */

/* Begin PBXTargetDependency section */
		295C57EC1ED41CAC00A2AB5D /* PBXTargetDependency */ = {
			isa = PBXTargetDependency;
			target = 295C57D51ED41CAC00A2AB5D /* SeparateStoryboard */;
			targetProxy = 295C57EB1ED41CAC00A2AB5D /* PBXContainerItemProxy */;
		};
/* End PBXTargetDependency section */

/* Begin PBXVariantGroup section */
		295C57DD1ED41CAC00A2AB5D /* Main.storyboard */ = {
			isa = PBXVariantGroup;
			children = (
				295C57DE1ED41CAC00A2AB5D /* Base */,
			);
			name = Main.storyboard;
			sourceTree = "<group>";
		};
		295C57E21ED41CAC00A2AB5D /* LaunchScreen.storyboard */ = {
			isa = PBXVariantGroup;
			children = (
				295C57E31ED41CAC00A2AB5D /* Base */,
			);
			name = LaunchScreen.storyboard;
			sourceTree = "<group>";
		};
/* End PBXVariantGroup section */

/* Begin XCBuildConfiguration section */
		295C57F11ED41CAC00A2AB5D /* Debug */ = {
			isa = XCBuildConfiguration;
			buildSettings = {
				ALWAYS_SEARCH_USER_PATHS = NO;
				CLANG_ANALYZER_NONNULL = YES;
				CLANG_ANALYZER_NUMBER_OBJECT_CONVERSION = YES_AGGRESSIVE;
				CLANG_CXX_LANGUAGE_STANDARD = "gnu++0x";
				CLANG_CXX_LIBRARY = "libc++";
				CLANG_ENABLE_MODULES = YES;
				CLANG_ENABLE_OBJC_ARC = YES;
				CLANG_WARN_BOOL_CONVERSION = YES;
				CLANG_WARN_CONSTANT_CONVERSION = YES;
				CLANG_WARN_DIRECT_OBJC_ISA_USAGE = YES_ERROR;
				CLANG_WARN_DOCUMENTATION_COMMENTS = YES;
				CLANG_WARN_EMPTY_BODY = YES;
				CLANG_WARN_ENUM_CONVERSION = YES;
				CLANG_WARN_INFINITE_RECURSION = YES;
				CLANG_WARN_INT_CONVERSION = YES;
				CLANG_WARN_OBJC_ROOT_CLASS = YES_ERROR;
				CLANG_WARN_SUSPICIOUS_MOVE = YES;
				CLANG_WARN_UNREACHABLE_CODE = YES;
				CLANG_WARN__DUPLICATE_METHOD_MATCH = YES;
				"CODE_SIGN_IDENTITY[sdk=iphoneos*]" = "iPhone Developer";
				COPY_PHASE_STRIP = NO;
				DEBUG_INFORMATION_FORMAT = dwarf;
				ENABLE_STRICT_OBJC_MSGSEND = YES;
				ENABLE_TESTABILITY = YES;
				GCC_C_LANGUAGE_STANDARD = gnu99;
				GCC_DYNAMIC_NO_PIC = NO;
				GCC_NO_COMMON_BLOCKS = YES;
				GCC_OPTIMIZATION_LEVEL = 0;
				GCC_PREPROCESSOR_DEFINITIONS = (
					"DEBUG=1",
					"$(inherited)",
				);
				GCC_WARN_64_TO_32_BIT_CONVERSION = YES;
				GCC_WARN_ABOUT_RETURN_TYPE = YES_ERROR;
				GCC_WARN_UNDECLARED_SELECTOR = YES;
				GCC_WARN_UNINITIALIZED_AUTOS = YES_AGGRESSIVE;
				GCC_WARN_UNUSED_FUNCTION = YES;
				GCC_WARN_UNUSED_VARIABLE = YES;
				IPHONEOS_DEPLOYMENT_TARGET = 10.3;
				MTL_ENABLE_DEBUG_INFO = YES;
				ONLY_ACTIVE_ARCH = YES;
				SDKROOT = iphoneos;
				SWIFT_ACTIVE_COMPILATION_CONDITIONS = DEBUG;
				SWIFT_OPTIMIZATION_LEVEL = "-Onone";
			};
			name = Debug;
		};
		295C57F21ED41CAC00A2AB5D /* Release */ = {
			isa = XCBuildConfiguration;
			buildSettings = {
				ALWAYS_SEARCH_USER_PATHS = NO;
				CLANG_ANALYZER_NONNULL = YES;
				CLANG_ANALYZER_NUMBER_OBJECT_CONVERSION = YES_AGGRESSIVE;
				CLANG_CXX_LANGUAGE_STANDARD = "gnu++0x";
				CLANG_CXX_LIBRARY = "libc++";
				CLANG_ENABLE_MODULES = YES;
				CLANG_ENABLE_OBJC_ARC = YES;
				CLANG_WARN_BOOL_CONVERSION = YES;
				CLANG_WARN_CONSTANT_CONVERSION = YES;
				CLANG_WARN_DIRECT_OBJC_ISA_USAGE = YES_ERROR;
				CLANG_WARN_DOCUMENTATION_COMMENTS = YES;
				CLANG_WARN_EMPTY_BODY = YES;
				CLANG_WARN_ENUM_CONVERSION = YES;
				CLANG_WARN_INFINITE_RECURSION = YES;
				CLANG_WARN_INT_CONVERSION = YES;
				CLANG_WARN_OBJC_ROOT_CLASS = YES_ERROR;
				CLANG_WARN_SUSPICIOUS_MOVE = YES;
				CLANG_WARN_UNREACHABLE_CODE = YES;
				CLANG_WARN__DUPLICATE_METHOD_MATCH = YES;
				"CODE_SIGN_IDENTITY[sdk=iphoneos*]" = "iPhone Developer";
				COPY_PHASE_STRIP = NO;
				DEBUG_INFORMATION_FORMAT = "dwarf-with-dsym";
				ENABLE_NS_ASSERTIONS = NO;
				ENABLE_STRICT_OBJC_MSGSEND = YES;
				GCC_C_LANGUAGE_STANDARD = gnu99;
				GCC_NO_COMMON_BLOCKS = YES;
				GCC_WARN_64_TO_32_BIT_CONVERSION = YES;
				GCC_WARN_ABOUT_RETURN_TYPE = YES_ERROR;
				GCC_WARN_UNDECLARED_SELECTOR = YES;
				GCC_WARN_UNINITIALIZED_AUTOS = YES_AGGRESSIVE;
				GCC_WARN_UNUSED_FUNCTION = YES;
				GCC_WARN_UNUSED_VARIABLE = YES;
				IPHONEOS_DEPLOYMENT_TARGET = 10.3;
				MTL_ENABLE_DEBUG_INFO = NO;
				SDKROOT = iphoneos;
				SWIFT_OPTIMIZATION_LEVEL = "-Owholemodule";
				VALIDATE_PRODUCT = YES;
			};
			name = Release;
		};
		295C57F41ED41CAC00A2AB5D /* Debug */ = {
			isa = XCBuildConfiguration;
			buildSettings = {
				ASSETCATALOG_COMPILER_APPICON_NAME = AppIcon;
				INFOPLIST_FILE = SeparateStoryboard/Info.plist;
				LD_RUNPATH_SEARCH_PATHS = "$(inherited) @executable_path/Frameworks";
				PRODUCT_BUNDLE_IDENTIFIER = "-.-.SeparateStoryboard";
				PRODUCT_NAME = "$(TARGET_NAME)";
				SWIFT_VERSION = 3.0;
			};
			name = Debug;
		};
		295C57F51ED41CAC00A2AB5D /* Release */ = {
			isa = XCBuildConfiguration;
			buildSettings = {
				ASSETCATALOG_COMPILER_APPICON_NAME = AppIcon;
				INFOPLIST_FILE = SeparateStoryboard/Info.plist;
				LD_RUNPATH_SEARCH_PATHS = "$(inherited) @executable_path/Frameworks";
				PRODUCT_BUNDLE_IDENTIFIER = "-.-.SeparateStoryboard";
				PRODUCT_NAME = "$(TARGET_NAME)";
				SWIFT_VERSION = 3.0;
			};
			name = Release;
		};
		295C57F71ED41CAC00A2AB5D /* Debug */ = {
			isa = XCBuildConfiguration;
			buildSettings = {
				ALWAYS_EMBED_SWIFT_STANDARD_LIBRARIES = YES;
				BUNDLE_LOADER = "$(TEST_HOST)";
				INFOPLIST_FILE = SeparateStoryboardTests/Info.plist;
				LD_RUNPATH_SEARCH_PATHS = "$(inherited) @executable_path/Frameworks @loader_path/Frameworks";
				PRODUCT_BUNDLE_IDENTIFIER = "-.-.SeparateStoryboardTests";
				PRODUCT_NAME = "$(TARGET_NAME)";
				SWIFT_VERSION = 3.0;
				TEST_HOST = "$(BUILT_PRODUCTS_DIR)/SeparateStoryboard.app/SeparateStoryboard";
			};
			name = Debug;
		};
		295C57F81ED41CAC00A2AB5D /* Release */ = {
			isa = XCBuildConfiguration;
			buildSettings = {
				ALWAYS_EMBED_SWIFT_STANDARD_LIBRARIES = YES;
				BUNDLE_LOADER = "$(TEST_HOST)";
				INFOPLIST_FILE = SeparateStoryboardTests/Info.plist;
				LD_RUNPATH_SEARCH_PATHS = "$(inherited) @executable_path/Frameworks @loader_path/Frameworks";
				PRODUCT_BUNDLE_IDENTIFIER = "-.-.SeparateStoryboardTests";
				PRODUCT_NAME = "$(TARGET_NAME)";
				SWIFT_VERSION = 3.0;
				TEST_HOST = "$(BUILT_PRODUCTS_DIR)/SeparateStoryboard.app/SeparateStoryboard";
			};
			name = Release;
		};
/* End XCBuildConfiguration section */

/* Begin XCConfigurationList section */
		295C57D11ED41CAC00A2AB5D /* Build configuration list for PBXProject "SeparateStoryboard" */ = {
			isa = XCConfigurationList;
			buildConfigurations = (
				295C57F11ED41CAC00A2AB5D /* Debug */,
				295C57F21ED41CAC00A2AB5D /* Release */,
			);
			defaultConfigurationIsVisible = 0;
			defaultConfigurationName = Release;
		};
		295C57F31ED41CAC00A2AB5D /* Build configuration list for PBXNativeTarget "SeparateStoryboard" */ = {
			isa = XCConfigurationList;
			buildConfigurations = (
				295C57F41ED41CAC00A2AB5D /* Debug */,
				295C57F51ED41CAC00A2AB5D /* Release */,
			);
			defaultConfigurationIsVisible = 0;
		};
		295C57F61ED41CAC00A2AB5D /* Build configuration list for PBXNativeTarget "SeparateStoryboardTests" */ = {
			isa = XCConfigurationList;
			buildConfigurations = (
				295C57F71ED41CAC00A2AB5D /* Debug */,
				295C57F81ED41CAC00A2AB5D /* Release */,
			);
			defaultConfigurationIsVisible = 0;
		};
/* End XCConfigurationList section */
	};
	rootObject = 295C57CE1ED41CAC00A2AB5D /* Project object */;
}
